
Microsoft Visual Studio Solution File, Format Version 12.00
# Visual Studio Version 17
VisualStudioVersion = 17.3.32929.385
MinimumVisualStudioVersion = 10.0.40219.1
Project("{FAE04EC0-301F-11D3-BF4B-00C04F79EFBC}") = "RPGSystem_API", "RPGSystem_API\RPGSystem_API.csproj", "{072D2C27-612B-4B45-B259-F79DAF484DFF}"
EndProject
Global
	GlobalSection(SolutionConfigurationPlatforms) = preSolution
		Debug|Any CPU = Debug|Any CPU
		Release|Any CPU = Release|Any CPU
	EndGlobalSection
	GlobalSection(ProjectConfigurationPlatforms) = postSolution
		{072D2C27-612B-4B45-B259-F79DAF484DFF}.Debug|Any CPU.ActiveCfg = Debug|Any CPU
		{072D2C27-612B-4B45-B259-F79DAF484DFF}.Debug|Any CPU.Build.0 = Debug|Any CPU
		{072D2C27-612B-4B45-B259-F79DAF484DFF}.Release|Any CPU.ActiveCfg = Release|Any CPU
		{072D2C27-612B-4B45-B259-F79DAF484DFF}.Release|Any CPU.Build.0 = Release|Any CPU
	EndGlobalSection
	GlobalSection(SolutionProperties) = preSolution
		HideSolutionNode = FALSE
	EndGlobalSection
	GlobalSection(ExtensibilityGlobals) = postSolution
		SolutionGuid = {2DF912E7-8556-4B78-B138-566EE8777921}
	EndGlobalSection
EndGlobal
